// !$*UTF8*$!
{
	archiveVersion = 1;
	classes = {
	};
	objectVersion = 51;
	objects = {

/* Begin PBXBuildFile section */
		2F119D8B590FCF0DC15B4645 /* Pods_U18.framework in Frameworks */ = {isa = PBXBuildFile; fileRef = C3EC7A54AFF23D37C3E86EA0 /* Pods_U18.framework */; };
		EF32190C2316CF6F00BE4C5D /* Global.swift in Sources */ = {isa = PBXBuildFile; fileRef = EF32190B2316CF6F00BE4C5D /* Global.swift */; };
		F804A04F233E02870036EC21 /* UBaseTableViewHeaderFooterView.swift in Sources */ = {isa = PBXBuildFile; fileRef = F804A04E233E02870036EC21 /* UBaseTableViewHeaderFooterView.swift */; };
		F804A051233E037E0036EC21 /* UBaseCollectionViewCell.swift in Sources */ = {isa = PBXBuildFile; fileRef = F804A050233E037E0036EC21 /* UBaseCollectionViewCell.swift */; };
		F804A053233E03EF0036EC21 /* UBaseTableViewCell.swift in Sources */ = {isa = PBXBuildFile; fileRef = F804A052233E03EF0036EC21 /* UBaseTableViewCell.swift */; };
		F804A055233E04C30036EC21 /* UBaseCollectionReusableView.swift in Sources */ = {isa = PBXBuildFile; fileRef = F804A054233E04C30036EC21 /* UBaseCollectionReusableView.swift */; };
		F804A057233E078D0036EC21 /* UPageViewController.swift in Sources */ = {isa = PBXBuildFile; fileRef = F804A056233E078D0036EC21 /* UPageViewController.swift */; };
		F804A059233E079E0036EC21 /* UBaseViewController.swift in Sources */ = {isa = PBXBuildFile; fileRef = F804A058233E079E0036EC21 /* UBaseViewController.swift */; };
		F804A05B233E07AC0036EC21 /* UTabBarController.swift in Sources */ = {isa = PBXBuildFile; fileRef = F804A05A233E07AC0036EC21 /* UTabBarController.swift */; };
		F804A05D233E07C00036EC21 /* UNavigationController.swift in Sources */ = {isa = PBXBuildFile; fileRef = F804A05C233E07C00036EC21 /* UNavigationController.swift */; };
		F804A05F233E07D60036EC21 /* UWebViewController.swift in Sources */ = {isa = PBXBuildFile; fileRef = F804A05E233E07D60036EC21 /* UWebViewController.swift */; };
		F804A06D234C67260036EC21 /* USubscribeListViewController.swift in Sources */ = {isa = PBXBuildFile; fileRef = F804A06C234C67260036EC21 /* USubscribeListViewController.swift */; };
		F804A06F234C67410036EC21 /* UVIPListViewController.swift in Sources */ = {isa = PBXBuildFile; fileRef = F804A06E234C67410036EC21 /* UVIPListViewController.swift */; };
		F804A071234C67600036EC21 /* UUpdateListViewController.swift in Sources */ = {isa = PBXBuildFile; fileRef = F804A070234C67600036EC21 /* UUpdateListViewController.swift */; };
		F804A073234C67720036EC21 /* UHomeViewController.swift in Sources */ = {isa = PBXBuildFile; fileRef = F804A072234C67720036EC21 /* UHomeViewController.swift */; };
		F804A075234C678B0036EC21 /* USpecialViewController.swift in Sources */ = {isa = PBXBuildFile; fileRef = F804A074234C678B0036EC21 /* USpecialViewController.swift */; };
		F804A077234C67AC0036EC21 /* UBoutiqueListViewController.swift in Sources */ = {isa = PBXBuildFile; fileRef = F804A076234C67AC0036EC21 /* UBoutiqueListViewController.swift */; };
		F804A079234C67C00036EC21 /* URankListViewController.swift in Sources */ = {isa = PBXBuildFile; fileRef = F804A078234C67C00036EC21 /* URankListViewController.swift */; };
		F804A07B234C67E20036EC21 /* UComicCHead.swift in Sources */ = {isa = PBXBuildFile; fileRef = F804A07A234C67E20036EC21 /* UComicCHead.swift */; };
		F804A07D234C67F30036EC21 /* URankTCell.swift in Sources */ = {isa = PBXBuildFile; fileRef = F804A07C234C67F30036EC21 /* URankTCell.swift */; };
		F804A07F234C68070036EC21 /* UComicCFoot.swift in Sources */ = {isa = PBXBuildFile; fileRef = F804A07E234C68070036EC21 /* UComicCFoot.swift */; };
		F804A081234C68180036EC21 /* UUpdateCCell.swift in Sources */ = {isa = PBXBuildFile; fileRef = F804A080234C68180036EC21 /* UUpdateCCell.swift */; };
		F804A083234C68310036EC21 /* UBoardCCell.swift in Sources */ = {isa = PBXBuildFile; fileRef = F804A082234C68310036EC21 /* UBoardCCell.swift */; };
		F804A085234C68490036EC21 /* USpecialTCell.swift in Sources */ = {isa = PBXBuildFile; fileRef = F804A084234C68490036EC21 /* USpecialTCell.swift */; };
		F804A087234C68780036EC21 /* USettingViewController.swift in Sources */ = {isa = PBXBuildFile; fileRef = F804A086234C68780036EC21 /* USettingViewController.swift */; };
		F804A089234C68880036EC21 /* UMineViewController.swift in Sources */ = {isa = PBXBuildFile; fileRef = F804A088234C68880036EC21 /* UMineViewController.swift */; };
		F804A08B234C689D0036EC21 /* UMineHead.swift in Sources */ = {isa = PBXBuildFile; fileRef = F804A08A234C689D0036EC21 /* UMineHead.swift */; };
		F804A08D234C68BF0036EC21 /* USearchViewController.swift in Sources */ = {isa = PBXBuildFile; fileRef = F804A08C234C68BF0036EC21 /* USearchViewController.swift */; };
		F804A08F234C68D80036EC21 /* USearchTHead.swift in Sources */ = {isa = PBXBuildFile; fileRef = F804A08E234C68D80036EC21 /* USearchTHead.swift */; };
		F804A091234C68E70036EC21 /* USearchTFoot.swift in Sources */ = {isa = PBXBuildFile; fileRef = F804A090234C68E70036EC21 /* USearchTFoot.swift */; };
		F804A093234C69440036EC21 /* UComicViewController.swift in Sources */ = {isa = PBXBuildFile; fileRef = F804A092234C69440036EC21 /* UComicViewController.swift */; };
		F804A095234C69590036EC21 /* UDetailViewController.swift in Sources */ = {isa = PBXBuildFile; fileRef = F804A094234C69590036EC21 /* UDetailViewController.swift */; };
		F804A097234C696F0036EC21 /* UOtherWorksViewController.swift in Sources */ = {isa = PBXBuildFile; fileRef = F804A096234C696F0036EC21 /* UOtherWorksViewController.swift */; };
		F804A099234C697F0036EC21 /* UChapterViewController.swift in Sources */ = {isa = PBXBuildFile; fileRef = F804A098234C697F0036EC21 /* UChapterViewController.swift */; };
		F804A09B234C69980036EC21 /* UComicListViewController.swift in Sources */ = {isa = PBXBuildFile; fileRef = F804A09A234C69980036EC21 /* UComicListViewController.swift */; };
		F804A09D234C69AA0036EC21 /* UReadViewController.swift in Sources */ = {isa = PBXBuildFile; fileRef = F804A09C234C69AA0036EC21 /* UReadViewController.swift */; };
		F804A09F234C69D20036EC21 /* UCommentViewController.swift in Sources */ = {isa = PBXBuildFile; fileRef = F804A09E234C69D20036EC21 /* UCommentViewController.swift */; };
		F804A0A1234C69E90036EC21 /* UOtherWorksCell.swift in Sources */ = {isa = PBXBuildFile; fileRef = F804A0A0234C69E90036EC21 /* UOtherWorksCell.swift */; };
		F804A0A3234C69F80036EC21 /* UChapterCHead.swift in Sources */ = {isa = PBXBuildFile; fileRef = F804A0A2234C69F80036EC21 /* UChapterCHead.swift */; };
		F804A0A5234C6A050036EC21 /* UComicHead.swift in Sources */ = {isa = PBXBuildFile; fileRef = F804A0A4234C6A050036EC21 /* UComicHead.swift */; };
		F804A0A7234C6A170036EC21 /* UTicketTCell.swift in Sources */ = {isa = PBXBuildFile; fileRef = F804A0A6234C6A170036EC21 /* UTicketTCell.swift */; };
		F804A0A9234C6A2C0036EC21 /* UReadCCell.swift in Sources */ = {isa = PBXBuildFile; fileRef = F804A0A8234C6A2C0036EC21 /* UReadCCell.swift */; };
		F804A0AB234C6A4B0036EC21 /* UChapterCCell.swift in Sources */ = {isa = PBXBuildFile; fileRef = F804A0AA234C6A4B0036EC21 /* UChapterCCell.swift */; };
		F804A0AD234C6A630036EC21 /* UCommentTCell.swift in Sources */ = {isa = PBXBuildFile; fileRef = F804A0AC234C6A630036EC21 /* UCommentTCell.swift */; };
		F804A0AF234C6A760036EC21 /* UReadTopBar.swift in Sources */ = {isa = PBXBuildFile; fileRef = F804A0AE234C6A750036EC21 /* UReadTopBar.swift */; };
		F804A0B1234C6A8F0036EC21 /* UOtherWorksTCell.swift in Sources */ = {isa = PBXBuildFile; fileRef = F804A0B0234C6A8F0036EC21 /* UOtherWorksTCell.swift */; };
		F804A0B3234C6AB20036EC21 /* UDescriptionTCell.swift in Sources */ = {isa = PBXBuildFile; fileRef = F804A0B2234C6AB20036EC21 /* UDescriptionTCell.swift */; };
		F804A0B5234C6ACC0036EC21 /* UComicTCell.swift in Sources */ = {isa = PBXBuildFile; fileRef = F804A0B4234C6ACC0036EC21 /* UComicTCell.swift */; };
		F804A0B7234C6AE20036EC21 /* UReadBottomBar.swift in Sources */ = {isa = PBXBuildFile; fileRef = F804A0B6234C6AE20036EC21 /* UReadBottomBar.swift */; };
		F804A0B9234C6AF50036EC21 /* UGuessLikeTCell.swift in Sources */ = {isa = PBXBuildFile; fileRef = F804A0B8234C6AF50036EC21 /* UGuessLikeTCell.swift */; };
		F804A0BB234C6B150036EC21 /* UCateListViewController.swift in Sources */ = {isa = PBXBuildFile; fileRef = F804A0BA234C6B150036EC21 /* UCateListViewController.swift */; };
		F804A0BD234C6B280036EC21 /* URankCCell.swift in Sources */ = {isa = PBXBuildFile; fileRef = F804A0BC234C6B280036EC21 /* URankCCell.swift */; };
		F804A0BF234C6B3F0036EC21 /* UTopCCell.swift in Sources */ = {isa = PBXBuildFile; fileRef = F804A0BE234C6B3F0036EC21 /* UTopCCell.swift */; };
		F804A0C1234C6B5E0036EC21 /* UCollectionListViewController.swift in Sources */ = {isa = PBXBuildFile; fileRef = F804A0C0234C6B5E0036EC21 /* UCollectionListViewController.swift */; };
		F804A0C3234C6B710036EC21 /* UBookViewController.swift in Sources */ = {isa = PBXBuildFile; fileRef = F804A0C2234C6B710036EC21 /* UBookViewController.swift */; };
		F804A0C5234C6B820036EC21 /* UDocumentListViewController.swift in Sources */ = {isa = PBXBuildFile; fileRef = F804A0C4234C6B820036EC21 /* UDocumentListViewController.swift */; };
		F804A0C7234C6B970036EC21 /* UDownloadListViewController.swift in Sources */ = {isa = PBXBuildFile; fileRef = F804A0C6234C6B970036EC21 /* UDownloadListViewController.swift */; };
		F804A0C9234C6BC70036EC21 /* UModel.swift in Sources */ = {isa = PBXBuildFile; fileRef = F804A0C8234C6BC70036EC21 /* UModel.swift */; };
		F804A0F6234C6DEA0036EC21 /* UCollectionViewAlignedLayout.swift in Sources */ = {isa = PBXBuildFile; fileRef = F804A0DE234C6DEA0036EC21 /* UCollectionViewAlignedLayout.swift */; };
		F804A0F7234C6DEB0036EC21 /* UCollectionViewSectionBackgroundLayout.swift in Sources */ = {isa = PBXBuildFile; fileRef = F804A0DF234C6DEA0036EC21 /* UCollectionViewSectionBackgroundLayout.swift */; };
		F804A0F8234C6DEB0036EC21 /* URefresh.swift in Sources */ = {isa = PBXBuildFile; fileRef = F804A0E1234C6DEA0036EC21 /* URefresh.swift */; };
		F804A0F9234C6DEB0036EC21 /* UEmptyDataSet.swift in Sources */ = {isa = PBXBuildFile; fileRef = F804A0E3234C6DEA0036EC21 /* UEmptyDataSet.swift */; };
		F804A0FA234C6DEB0036EC21 /* UHairPowder.swift in Sources */ = {isa = PBXBuildFile; fileRef = F804A0E5234C6DEA0036EC21 /* UHairPowder.swift */; };
		F804A0FB234C6DEB0036EC21 /* ParallaxHeaderMode.swift in Sources */ = {isa = PBXBuildFile; fileRef = F804A0E7234C6DEA0036EC21 /* ParallaxHeaderMode.swift */; };
		F804A0FC234C6DEB0036EC21 /* UIScrollView+ParallaxHeader.swift in Sources */ = {isa = PBXBuildFile; fileRef = F804A0E8234C6DEA0036EC21 /* UIScrollView+ParallaxHeader.swift */; };
		F804A0FD234C6DEB0036EC21 /* ParallaxHeader.swift in Sources */ = {isa = PBXBuildFile; fileRef = F804A0E9234C6DEA0036EC21 /* ParallaxHeader.swift */; };
		F804A0FE234C6DEB0036EC21 /* UNoticeBar.swift in Sources */ = {isa = PBXBuildFile; fileRef = F804A0EB234C6DEA0036EC21 /* UNoticeBar.swift */; };
		F804A0FF234C6DEB0036EC21 /* ArrayExtensions.swift in Sources */ = {isa = PBXBuildFile; fileRef = F804A0ED234C6DEA0036EC21 /* ArrayExtensions.swift */; };
		F804A100234C6DEB0036EC21 /* UIColorExtension.swift in Sources */ = {isa = PBXBuildFile; fileRef = F804A0EE234C6DEA0036EC21 /* UIColorExtension.swift */; };
		F804A101234C6DEB0036EC21 /* UIViewExtension.swift in Sources */ = {isa = PBXBuildFile; fileRef = F804A0EF234C6DEA0036EC21 /* UIViewExtension.swift */; };
		F804A102234C6DEB0036EC21 /* UIBarButtonItemExtension.swift in Sources */ = {isa = PBXBuildFile; fileRef = F804A0F0234C6DEA0036EC21 /* UIBarButtonItemExtension.swift */; };
		F804A103234C6DEB0036EC21 /* UIDeviceExtension.swift in Sources */ = {isa = PBXBuildFile; fileRef = F804A0F1234C6DEA0036EC21 /* UIDeviceExtension.swift */; };
		F804A104234C6DEB0036EC21 /* UIImageExtensions.swift in Sources */ = {isa = PBXBuildFile; fileRef = F804A0F2234C6DEA0036EC21 /* UIImageExtensions.swift */; };
		F804A105234C6DEB0036EC21 /* DispatchQueueExtension.swift in Sources */ = {isa = PBXBuildFile; fileRef = F804A0F3234C6DEA0036EC21 /* DispatchQueueExtension.swift */; };
		F804A106234C6DEB0036EC21 /* StringExtension.swift in Sources */ = {isa = PBXBuildFile; fileRef = F804A0F4234C6DEA0036EC21 /* StringExtension.swift */; };
		F804A107234C6DEB0036EC21 /* DictionaryExtension.swift in Sources */ = {isa = PBXBuildFile; fileRef = F804A0F5234C6DEA0036EC21 /* DictionaryExtension.swift */; };
		F8DA53DD231572DA0098D781 /* AppDelegate.swift in Sources */ = {isa = PBXBuildFile; fileRef = F8DA53DC231572DA0098D781 /* AppDelegate.swift */; };
		F8DA53DF231572DA0098D781 /* ViewController.swift in Sources */ = {isa = PBXBuildFile; fileRef = F8DA53DE231572DA0098D781 /* ViewController.swift */; };
		F8DA53E2231572DA0098D781 /* Main.storyboard in Resources */ = {isa = PBXBuildFile; fileRef = F8DA53E0231572DA0098D781 /* Main.storyboard */; };
		F8DA53E4231572DB0098D781 /* Assets.xcassets in Resources */ = {isa = PBXBuildFile; fileRef = F8DA53E3231572DB0098D781 /* Assets.xcassets */; };
		F8DA53E7231572DB0098D781 /* LaunchScreen.storyboard in Resources */ = {isa = PBXBuildFile; fileRef = F8DA53E5231572DB0098D781 /* LaunchScreen.storyboard */; };
/* End PBXBuildFile section */

/* Begin PBXFileReference section */
		69C24651B2FBF8A5A33A73EE /* Pods-U18.release.xcconfig */ = {isa = PBXFileReference; includeInIndex = 1; lastKnownFileType = text.xcconfig; name = "Pods-U18.release.xcconfig"; path = "Target Support Files/Pods-U18/Pods-U18.release.xcconfig"; sourceTree = "<group>"; };
		6E15CB6355D378DE4BC021FD /* Pods-U18.debug.xcconfig */ = {isa = PBXFileReference; includeInIndex = 1; lastKnownFileType = text.xcconfig; name = "Pods-U18.debug.xcconfig"; path = "Target Support Files/Pods-U18/Pods-U18.debug.xcconfig"; sourceTree = "<group>"; };
		C3EC7A54AFF23D37C3E86EA0 /* Pods_U18.framework */ = {isa = PBXFileReference; explicitFileType = wrapper.framework; includeInIndex = 0; path = Pods_U18.framework; sourceTree = BUILT_PRODUCTS_DIR; };
		EF32190B2316CF6F00BE4C5D /* Global.swift */ = {isa = PBXFileReference; lastKnownFileType = sourcecode.swift; path = Global.swift; sourceTree = "<group>"; };
		F804A04E233E02870036EC21 /* UBaseTableViewHeaderFooterView.swift */ = {isa = PBXFileReference; lastKnownFileType = sourcecode.swift; path = UBaseTableViewHeaderFooterView.swift; sourceTree = "<group>"; };
		F804A050233E037E0036EC21 /* UBaseCollectionViewCell.swift */ = {isa = PBXFileReference; lastKnownFileType = sourcecode.swift; path = UBaseCollectionViewCell.swift; sourceTree = "<group>"; };
		F804A052233E03EF0036EC21 /* UBaseTableViewCell.swift */ = {isa = PBXFileReference; lastKnownFileType = sourcecode.swift; path = UBaseTableViewCell.swift; sourceTree = "<group>"; };
		F804A054233E04C30036EC21 /* UBaseCollectionReusableView.swift */ = {isa = PBXFileReference; lastKnownFileType = sourcecode.swift; path = UBaseCollectionReusableView.swift; sourceTree = "<group>"; };
		F804A056233E078D0036EC21 /* UPageViewController.swift */ = {isa = PBXFileReference; lastKnownFileType = sourcecode.swift; path = UPageViewController.swift; sourceTree = "<group>"; };
		F804A058233E079E0036EC21 /* UBaseViewController.swift */ = {isa = PBXFileReference; lastKnownFileType = sourcecode.swift; path = UBaseViewController.swift; sourceTree = "<group>"; };
		F804A05A233E07AC0036EC21 /* UTabBarController.swift */ = {isa = PBXFileReference; lastKnownFileType = sourcecode.swift; path = UTabBarController.swift; sourceTree = "<group>"; };
		F804A05C233E07C00036EC21 /* UNavigationController.swift */ = {isa = PBXFileReference; lastKnownFileType = sourcecode.swift; path = UNavigationController.swift; sourceTree = "<group>"; };
		F804A05E233E07D60036EC21 /* UWebViewController.swift */ = {isa = PBXFileReference; lastKnownFileType = sourcecode.swift; path = UWebViewController.swift; sourceTree = "<group>"; };
		F804A06C234C67260036EC21 /* USubscribeListViewController.swift */ = {isa = PBXFileReference; lastKnownFileType = sourcecode.swift; path = USubscribeListViewController.swift; sourceTree = "<group>"; };
		F804A06E234C67410036EC21 /* UVIPListViewController.swift */ = {isa = PBXFileReference; lastKnownFileType = sourcecode.swift; path = UVIPListViewController.swift; sourceTree = "<group>"; };
		F804A070234C67600036EC21 /* UUpdateListViewController.swift */ = {isa = PBXFileReference; lastKnownFileType = sourcecode.swift; path = UUpdateListViewController.swift; sourceTree = "<group>"; };
		F804A072234C67720036EC21 /* UHomeViewController.swift */ = {isa = PBXFileReference; lastKnownFileType = sourcecode.swift; path = UHomeViewController.swift; sourceTree = "<group>"; };
		F804A074234C678B0036EC21 /* USpecialViewController.swift */ = {isa = PBXFileReference; lastKnownFileType = sourcecode.swift; path = USpecialViewController.swift; sourceTree = "<group>"; };
		F804A076234C67AC0036EC21 /* UBoutiqueListViewController.swift */ = {isa = PBXFileReference; lastKnownFileType = sourcecode.swift; path = UBoutiqueListViewController.swift; sourceTree = "<group>"; };
		F804A078234C67C00036EC21 /* URankListViewController.swift */ = {isa = PBXFileReference; lastKnownFileType = sourcecode.swift; path = URankListViewController.swift; sourceTree = "<group>"; };
		F804A07A234C67E20036EC21 /* UComicCHead.swift */ = {isa = PBXFileReference; lastKnownFileType = sourcecode.swift; path = UComicCHead.swift; sourceTree = "<group>"; };
		F804A07C234C67F30036EC21 /* URankTCell.swift */ = {isa = PBXFileReference; lastKnownFileType = sourcecode.swift; path = URankTCell.swift; sourceTree = "<group>"; };
		F804A07E234C68070036EC21 /* UComicCFoot.swift */ = {isa = PBXFileReference; lastKnownFileType = sourcecode.swift; path = UComicCFoot.swift; sourceTree = "<group>"; };
		F804A080234C68180036EC21 /* UUpdateCCell.swift */ = {isa = PBXFileReference; lastKnownFileType = sourcecode.swift; path = UUpdateCCell.swift; sourceTree = "<group>"; };
		F804A082234C68310036EC21 /* UBoardCCell.swift */ = {isa = PBXFileReference; lastKnownFileType = sourcecode.swift; path = UBoardCCell.swift; sourceTree = "<group>"; };
		F804A084234C68490036EC21 /* USpecialTCell.swift */ = {isa = PBXFileReference; lastKnownFileType = sourcecode.swift; path = USpecialTCell.swift; sourceTree = "<group>"; };
		F804A086234C68780036EC21 /* USettingViewController.swift */ = {isa = PBXFileReference; lastKnownFileType = sourcecode.swift; path = USettingViewController.swift; sourceTree = "<group>"; };
		F804A088234C68880036EC21 /* UMineViewController.swift */ = {isa = PBXFileReference; lastKnownFileType = sourcecode.swift; path = UMineViewController.swift; sourceTree = "<group>"; };
		F804A08A234C689D0036EC21 /* UMineHead.swift */ = {isa = PBXFileReference; lastKnownFileType = sourcecode.swift; path = UMineHead.swift; sourceTree = "<group>"; };
		F804A08C234C68BF0036EC21 /* USearchViewController.swift */ = {isa = PBXFileReference; lastKnownFileType = sourcecode.swift; path = USearchViewController.swift; sourceTree = "<group>"; };
		F804A08E234C68D80036EC21 /* USearchTHead.swift */ = {isa = PBXFileReference; lastKnownFileType = sourcecode.swift; path = USearchTHead.swift; sourceTree = "<group>"; };
		F804A090234C68E70036EC21 /* USearchTFoot.swift */ = {isa = PBXFileReference; lastKnownFileType = sourcecode.swift; path = USearchTFoot.swift; sourceTree = "<group>"; };
		F804A092234C69440036EC21 /* UComicViewController.swift */ = {isa = PBXFileReference; lastKnownFileType = sourcecode.swift; path = UComicViewController.swift; sourceTree = "<group>"; };
		F804A094234C69590036EC21 /* UDetailViewController.swift */ = {isa = PBXFileReference; lastKnownFileType = sourcecode.swift; path = UDetailViewController.swift; sourceTree = "<group>"; };
		F804A096234C696F0036EC21 /* UOtherWorksViewController.swift */ = {isa = PBXFileReference; lastKnownFileType = sourcecode.swift; path = UOtherWorksViewController.swift; sourceTree = "<group>"; };
		F804A098234C697F0036EC21 /* UChapterViewController.swift */ = {isa = PBXFileReference; lastKnownFileType = sourcecode.swift; path = UChapterViewController.swift; sourceTree = "<group>"; };
		F804A09A234C69980036EC21 /* UComicListViewController.swift */ = {isa = PBXFileReference; lastKnownFileType = sourcecode.swift; path = UComicListViewController.swift; sourceTree = "<group>"; };
		F804A09C234C69AA0036EC21 /* UReadViewController.swift */ = {isa = PBXFileReference; lastKnownFileType = sourcecode.swift; path = UReadViewController.swift; sourceTree = "<group>"; };
		F804A09E234C69D20036EC21 /* UCommentViewController.swift */ = {isa = PBXFileReference; lastKnownFileType = sourcecode.swift; path = UCommentViewController.swift; sourceTree = "<group>"; };
		F804A0A0234C69E90036EC21 /* UOtherWorksCell.swift */ = {isa = PBXFileReference; lastKnownFileType = sourcecode.swift; path = UOtherWorksCell.swift; sourceTree = "<group>"; };
		F804A0A2234C69F80036EC21 /* UChapterCHead.swift */ = {isa = PBXFileReference; lastKnownFileType = sourcecode.swift; path = UChapterCHead.swift; sourceTree = "<group>"; };
		F804A0A4234C6A050036EC21 /* UComicHead.swift */ = {isa = PBXFileReference; lastKnownFileType = sourcecode.swift; path = UComicHead.swift; sourceTree = "<group>"; };
		F804A0A6234C6A170036EC21 /* UTicketTCell.swift */ = {isa = PBXFileReference; lastKnownFileType = sourcecode.swift; path = UTicketTCell.swift; sourceTree = "<group>"; };
		F804A0A8234C6A2C0036EC21 /* UReadCCell.swift */ = {isa = PBXFileReference; lastKnownFileType = sourcecode.swift; path = UReadCCell.swift; sourceTree = "<group>"; };
		F804A0AA234C6A4B0036EC21 /* UChapterCCell.swift */ = {isa = PBXFileReference; lastKnownFileType = sourcecode.swift; path = UChapterCCell.swift; sourceTree = "<group>"; };
		F804A0AC234C6A630036EC21 /* UCommentTCell.swift */ = {isa = PBXFileReference; lastKnownFileType = sourcecode.swift; path = UCommentTCell.swift; sourceTree = "<group>"; };
		F804A0AE234C6A750036EC21 /* UReadTopBar.swift */ = {isa = PBXFileReference; lastKnownFileType = sourcecode.swift; path = UReadTopBar.swift; sourceTree = "<group>"; };
		F804A0B0234C6A8F0036EC21 /* UOtherWorksTCell.swift */ = {isa = PBXFileReference; lastKnownFileType = sourcecode.swift; path = UOtherWorksTCell.swift; sourceTree = "<group>"; };
		F804A0B2234C6AB20036EC21 /* UDescriptionTCell.swift */ = {isa = PBXFileReference; lastKnownFileType = sourcecode.swift; path = UDescriptionTCell.swift; sourceTree = "<group>"; };
		F804A0B4234C6ACC0036EC21 /* UComicTCell.swift */ = {isa = PBXFileReference; lastKnownFileType = sourcecode.swift; path = UComicTCell.swift; sourceTree = "<group>"; };
		F804A0B6234C6AE20036EC21 /* UReadBottomBar.swift */ = {isa = PBXFileReference; lastKnownFileType = sourcecode.swift; path = UReadBottomBar.swift; sourceTree = "<group>"; };
		F804A0B8234C6AF50036EC21 /* UGuessLikeTCell.swift */ = {isa = PBXFileReference; lastKnownFileType = sourcecode.swift; path = UGuessLikeTCell.swift; sourceTree = "<group>"; };
		F804A0BA234C6B150036EC21 /* UCateListViewController.swift */ = {isa = PBXFileReference; lastKnownFileType = sourcecode.swift; path = UCateListViewController.swift; sourceTree = "<group>"; };
		F804A0BC234C6B280036EC21 /* URankCCell.swift */ = {isa = PBXFileReference; lastKnownFileType = sourcecode.swift; path = URankCCell.swift; sourceTree = "<group>"; };
		F804A0BE234C6B3F0036EC21 /* UTopCCell.swift */ = {isa = PBXFileReference; lastKnownFileType = sourcecode.swift; path = UTopCCell.swift; sourceTree = "<group>"; };
		F804A0C0234C6B5E0036EC21 /* UCollectionListViewController.swift */ = {isa = PBXFileReference; lastKnownFileType = sourcecode.swift; path = UCollectionListViewController.swift; sourceTree = "<group>"; };
		F804A0C2234C6B710036EC21 /* UBookViewController.swift */ = {isa = PBXFileReference; lastKnownFileType = sourcecode.swift; path = UBookViewController.swift; sourceTree = "<group>"; };
		F804A0C4234C6B820036EC21 /* UDocumentListViewController.swift */ = {isa = PBXFileReference; lastKnownFileType = sourcecode.swift; path = UDocumentListViewController.swift; sourceTree = "<group>"; };
		F804A0C6234C6B970036EC21 /* UDownloadListViewController.swift */ = {isa = PBXFileReference; lastKnownFileType = sourcecode.swift; path = UDownloadListViewController.swift; sourceTree = "<group>"; };
		F804A0C8234C6BC70036EC21 /* UModel.swift */ = {isa = PBXFileReference; lastKnownFileType = sourcecode.swift; name = UModel.swift; path = U18/Procedure/Book/ViewController/UModel.swift; sourceTree = SOURCE_ROOT; };
		F804A0DE234C6DEA0036EC21 /* UCollectionViewAlignedLayout.swift */ = {isa = PBXFileReference; fileEncoding = 4; lastKnownFileType = sourcecode.swift; path = UCollectionViewAlignedLayout.swift; sourceTree = "<group>"; };
		F804A0DF234C6DEA0036EC21 /* UCollectionViewSectionBackgroundLayout.swift */ = {isa = PBXFileReference; fileEncoding = 4; lastKnownFileType = sourcecode.swift; path = UCollectionViewSectionBackgroundLayout.swift; sourceTree = "<group>"; };
		F804A0E1234C6DEA0036EC21 /* URefresh.swift */ = {isa = PBXFileReference; fileEncoding = 4; lastKnownFileType = sourcecode.swift; path = URefresh.swift; sourceTree = "<group>"; };
		F804A0E3234C6DEA0036EC21 /* UEmptyDataSet.swift */ = {isa = PBXFileReference; fileEncoding = 4; lastKnownFileType = sourcecode.swift; path = UEmptyDataSet.swift; sourceTree = "<group>"; };
		F804A0E5234C6DEA0036EC21 /* UHairPowder.swift */ = {isa = PBXFileReference; fileEncoding = 4; lastKnownFileType = sourcecode.swift; path = UHairPowder.swift; sourceTree = "<group>"; };
		F804A0E7234C6DEA0036EC21 /* ParallaxHeaderMode.swift */ = {isa = PBXFileReference; fileEncoding = 4; lastKnownFileType = sourcecode.swift; path = ParallaxHeaderMode.swift; sourceTree = "<group>"; };
		F804A0E8234C6DEA0036EC21 /* UIScrollView+ParallaxHeader.swift */ = {isa = PBXFileReference; fileEncoding = 4; lastKnownFileType = sourcecode.swift; path = "UIScrollView+ParallaxHeader.swift"; sourceTree = "<group>"; };
		F804A0E9234C6DEA0036EC21 /* ParallaxHeader.swift */ = {isa = PBXFileReference; fileEncoding = 4; lastKnownFileType = sourcecode.swift; path = ParallaxHeader.swift; sourceTree = "<group>"; };
		F804A0EB234C6DEA0036EC21 /* UNoticeBar.swift */ = {isa = PBXFileReference; fileEncoding = 4; lastKnownFileType = sourcecode.swift; path = UNoticeBar.swift; sourceTree = "<group>"; };
		F804A0ED234C6DEA0036EC21 /* ArrayExtensions.swift */ = {isa = PBXFileReference; fileEncoding = 4; lastKnownFileType = sourcecode.swift; path = ArrayExtensions.swift; sourceTree = "<group>"; };
		F804A0EE234C6DEA0036EC21 /* UIColorExtension.swift */ = {isa = PBXFileReference; fileEncoding = 4; lastKnownFileType = sourcecode.swift; path = UIColorExtension.swift; sourceTree = "<group>"; };
		F804A0EF234C6DEA0036EC21 /* UIViewExtension.swift */ = {isa = PBXFileReference; fileEncoding = 4; lastKnownFileType = sourcecode.swift; path = UIViewExtension.swift; sourceTree = "<group>"; };
		F804A0F0234C6DEA0036EC21 /* UIBarButtonItemExtension.swift */ = {isa = PBXFileReference; fileEncoding = 4; lastKnownFileType = sourcecode.swift; path = UIBarButtonItemExtension.swift; sourceTree = "<group>"; };
		F804A0F1234C6DEA0036EC21 /* UIDeviceExtension.swift */ = {isa = PBXFileReference; fileEncoding = 4; lastKnownFileType = sourcecode.swift; path = UIDeviceExtension.swift; sourceTree = "<group>"; };
		F804A0F2234C6DEA0036EC21 /* UIImageExtensions.swift */ = {isa = PBXFileReference; fileEncoding = 4; lastKnownFileType = sourcecode.swift; path = UIImageExtensions.swift; sourceTree = "<group>"; };
		F804A0F3234C6DEA0036EC21 /* DispatchQueueExtension.swift */ = {isa = PBXFileReference; fileEncoding = 4; lastKnownFileType = sourcecode.swift; path = DispatchQueueExtension.swift; sourceTree = "<group>"; };
		F804A0F4234C6DEA0036EC21 /* StringExtension.swift */ = {isa = PBXFileReference; fileEncoding = 4; lastKnownFileType = sourcecode.swift; path = StringExtension.swift; sourceTree = "<group>"; };
		F804A0F5234C6DEA0036EC21 /* DictionaryExtension.swift */ = {isa = PBXFileReference; fileEncoding = 4; lastKnownFileType = sourcecode.swift; path = DictionaryExtension.swift; sourceTree = "<group>"; };
		F8DA53D9231572DA0098D781 /* U18.app */ = {isa = PBXFileReference; explicitFileType = wrapper.application; includeInIndex = 0; path = U18.app; sourceTree = BUILT_PRODUCTS_DIR; };
		F8DA53DC231572DA0098D781 /* AppDelegate.swift */ = {isa = PBXFileReference; lastKnownFileType = sourcecode.swift; path = AppDelegate.swift; sourceTree = "<group>"; };
		F8DA53DE231572DA0098D781 /* ViewController.swift */ = {isa = PBXFileReference; lastKnownFileType = sourcecode.swift; path = ViewController.swift; sourceTree = "<group>"; };
		F8DA53E1231572DA0098D781 /* Base */ = {isa = PBXFileReference; lastKnownFileType = file.storyboard; name = Base; path = Base.lproj/Main.storyboard; sourceTree = "<group>"; };
		F8DA53E3231572DB0098D781 /* Assets.xcassets */ = {isa = PBXFileReference; lastKnownFileType = folder.assetcatalog; path = Assets.xcassets; sourceTree = "<group>"; };
		F8DA53E6231572DB0098D781 /* Base */ = {isa = PBXFileReference; lastKnownFileType = file.storyboard; name = Base; path = Base.lproj/LaunchScreen.storyboard; sourceTree = "<group>"; };
		F8DA53E8231572DB0098D781 /* Info.plist */ = {isa = PBXFileReference; lastKnownFileType = text.plist.xml; path = Info.plist; sourceTree = "<group>"; };
/* End PBXFileReference section */

/* Begin PBXFrameworksBuildPhase section */
		F8DA53D6231572DA0098D781 /* Frameworks */ = {
			isa = PBXFrameworksBuildPhase;
			buildActionMask = 2147483647;
			files = (
				2F119D8B590FCF0DC15B4645 /* Pods_U18.framework in Frameworks */,
			);
			runOnlyForDeploymentPostprocessing = 0;
		};
/* End PBXFrameworksBuildPhase section */

/* Begin PBXGroup section */
		9E5905D881AEF3D1DC2BC668 /* Pods */ = {
			isa = PBXGroup;
			children = (
				6E15CB6355D378DE4BC021FD /* Pods-U18.debug.xcconfig */,
				69C24651B2FBF8A5A33A73EE /* Pods-U18.release.xcconfig */,
			);
			path = Pods;
			sourceTree = "<group>";
		};
		DD9461B9641BD74CB29C26C1 /* Frameworks */ = {
			isa = PBXGroup;
			children = (
				C3EC7A54AFF23D37C3E86EA0 /* Pods_U18.framework */,
			);
			name = Frameworks;
			sourceTree = "<group>";
		};
		EF3218F52316CA3100BE4C5D /* API */ = {
			isa = PBXGroup;
			children = (
			);
			path = API;
			sourceTree = "<group>";
		};
		EF3218F62316CA3D00BE4C5D /* Procedure */ = {
			isa = PBXGroup;
			children = (
				F8DA53DC231572DA0098D781 /* AppDelegate.swift */,
				EF32190B2316CF6F00BE4C5D /* Global.swift */,
				F804A049233E003D0036EC21 /* Base */,
				F804A046233E003D0036EC21 /* Book */,
				F804A044233E003D0036EC21 /* Cate */,
				F804A047233E003D0036EC21 /* Comic */,
				F804A043233E003D0036EC21 /* Home */,
				F804A048233E003D0036EC21 /* Mine */,
				F804A045233E003D0036EC21 /* Search */,
			);
			path = Procedure;
			sourceTree = "<group>";
		};
		EF3219062316CA3D00BE4C5D /* Model */ = {
			isa = PBXGroup;
			children = (
				F804A0C8234C6BC70036EC21 /* UModel.swift */,
			);
			path = Model;
			sourceTree = "<group>";
		};
		F804A043233E003D0036EC21 /* Home */ = {
			isa = PBXGroup;
			children = (
				F804A067234C3F2A0036EC21 /* View */,
				F804A066234C3F2A0036EC21 /* ViewController */,
			);
			path = Home;
			sourceTree = "<group>";
		};
		F804A044233E003D0036EC21 /* Cate */ = {
			isa = PBXGroup;
			children = (
				F804A063234C3F190036EC21 /* View */,
				F804A062234C3F190036EC21 /* ViewController */,
			);
			path = Cate;
			sourceTree = "<group>";
		};
		F804A045233E003D0036EC21 /* Search */ = {
			isa = PBXGroup;
			children = (
				F804A06A234C3F3A0036EC21 /* View */,
				F804A06B234C3F3A0036EC21 /* ViewController */,
			);
			path = Search;
			sourceTree = "<group>";
		};
		F804A046233E003D0036EC21 /* Book */ = {
			isa = PBXGroup;
			children = (
				F804A061234C3F120036EC21 /* View */,
				F804A060234C3F120036EC21 /* ViewController */,
			);
			path = Book;
			sourceTree = "<group>";
		};
		F804A047233E003D0036EC21 /* Comic */ = {
			isa = PBXGroup;
			children = (
				F804A065234C3F210036EC21 /* View */,
				F804A064234C3F210036EC21 /* ViewController */,
			);
			path = Comic;
			sourceTree = "<group>";
		};
		F804A048233E003D0036EC21 /* Mine */ = {
			isa = PBXGroup;
			children = (
				F804A069234C3F310036EC21 /* View */,
				F804A068234C3F310036EC21 /* ViewController */,
			);
			path = Mine;
			sourceTree = "<group>";
		};
		F804A049233E003D0036EC21 /* Base */ = {
			isa = PBXGroup;
			children = (
				F804A04B233E005B0036EC21 /* View */,
				F804A04A233E005B0036EC21 /* ViewController */,
			);
			path = Base;
			sourceTree = "<group>";
		};
		F804A04A233E005B0036EC21 /* ViewController */ = {
			isa = PBXGroup;
			children = (
				F804A056233E078D0036EC21 /* UPageViewController.swift */,
				F804A058233E079E0036EC21 /* UBaseViewController.swift */,
				F804A05A233E07AC0036EC21 /* UTabBarController.swift */,
				F804A05C233E07C00036EC21 /* UNavigationController.swift */,
				F804A05E233E07D60036EC21 /* UWebViewController.swift */,
			);
			path = ViewController;
			sourceTree = "<group>";
		};
		F804A04B233E005B0036EC21 /* View */ = {
			isa = PBXGroup;
			children = (
				F804A04E233E02870036EC21 /* UBaseTableViewHeaderFooterView.swift */,
				F804A050233E037E0036EC21 /* UBaseCollectionViewCell.swift */,
				F804A052233E03EF0036EC21 /* UBaseTableViewCell.swift */,
				F804A054233E04C30036EC21 /* UBaseCollectionReusableView.swift */,
			);
			path = View;
			sourceTree = "<group>";
		};
		F804A060234C3F120036EC21 /* ViewController */ = {
			isa = PBXGroup;
			children = (
				F804A0C0234C6B5E0036EC21 /* UCollectionListViewController.swift */,
				F804A0C2234C6B710036EC21 /* UBookViewController.swift */,
				F804A0C4234C6B820036EC21 /* UDocumentListViewController.swift */,
				F804A0C6234C6B970036EC21 /* UDownloadListViewController.swift */,
			);
			path = ViewController;
			sourceTree = "<group>";
		};
		F804A061234C3F120036EC21 /* View */ = {
			isa = PBXGroup;
			children = (
			);
			path = View;
			sourceTree = "<group>";
		};
		F804A062234C3F190036EC21 /* ViewController */ = {
			isa = PBXGroup;
			children = (
				F804A0BA234C6B150036EC21 /* UCateListViewController.swift */,
			);
			path = ViewController;
			sourceTree = "<group>";
		};
		F804A063234C3F190036EC21 /* View */ = {
			isa = PBXGroup;
			children = (
				F804A0BC234C6B280036EC21 /* URankCCell.swift */,
				F804A0BE234C6B3F0036EC21 /* UTopCCell.swift */,
			);
			path = View;
			sourceTree = "<group>";
		};
		F804A064234C3F210036EC21 /* ViewController */ = {
			isa = PBXGroup;
			children = (
				F804A092234C69440036EC21 /* UComicViewController.swift */,
				F804A094234C69590036EC21 /* UDetailViewController.swift */,
				F804A096234C696F0036EC21 /* UOtherWorksViewController.swift */,
				F804A098234C697F0036EC21 /* UChapterViewController.swift */,
				F804A09A234C69980036EC21 /* UComicListViewController.swift */,
				F804A09C234C69AA0036EC21 /* UReadViewController.swift */,
				F804A09E234C69D20036EC21 /* UCommentViewController.swift */,
			);
			path = ViewController;
			sourceTree = "<group>";
		};
		F804A065234C3F210036EC21 /* View */ = {
			isa = PBXGroup;
			children = (
				F804A0A0234C69E90036EC21 /* UOtherWorksCell.swift */,
				F804A0A2234C69F80036EC21 /* UChapterCHead.swift */,
				F804A0A4234C6A050036EC21 /* UComicHead.swift */,
				F804A0A6234C6A170036EC21 /* UTicketTCell.swift */,
				F804A0A8234C6A2C0036EC21 /* UReadCCell.swift */,
				F804A0AA234C6A4B0036EC21 /* UChapterCCell.swift */,
				F804A0AC234C6A630036EC21 /* UCommentTCell.swift */,
				F804A0AE234C6A750036EC21 /* UReadTopBar.swift */,
				F804A0B0234C6A8F0036EC21 /* UOtherWorksTCell.swift */,
				F804A0B2234C6AB20036EC21 /* UDescriptionTCell.swift */,
				F804A0B4234C6ACC0036EC21 /* UComicTCell.swift */,
				F804A0B6234C6AE20036EC21 /* UReadBottomBar.swift */,
				F804A0B8234C6AF50036EC21 /* UGuessLikeTCell.swift */,
			);
			path = View;
			sourceTree = "<group>";
		};
		F804A066234C3F2A0036EC21 /* ViewController */ = {
			isa = PBXGroup;
			children = (
				F804A06C234C67260036EC21 /* USubscribeListViewController.swift */,
				F804A06E234C67410036EC21 /* UVIPListViewController.swift */,
				F804A070234C67600036EC21 /* UUpdateListViewController.swift */,
				F804A072234C67720036EC21 /* UHomeViewController.swift */,
				F804A074234C678B0036EC21 /* USpecialViewController.swift */,
				F804A076234C67AC0036EC21 /* UBoutiqueListViewController.swift */,
				F804A078234C67C00036EC21 /* URankListViewController.swift */,
			);
			path = ViewController;
			sourceTree = "<group>";
		};
		F804A067234C3F2A0036EC21 /* View */ = {
			isa = PBXGroup;
			children = (
				F804A07A234C67E20036EC21 /* UComicCHead.swift */,
				F804A07C234C67F30036EC21 /* URankTCell.swift */,
				F804A07E234C68070036EC21 /* UComicCFoot.swift */,
				F804A080234C68180036EC21 /* UUpdateCCell.swift */,
				F804A082234C68310036EC21 /* UBoardCCell.swift */,
				F804A084234C68490036EC21 /* USpecialTCell.swift */,
			);
			path = View;
			sourceTree = "<group>";
		};
		F804A068234C3F310036EC21 /* ViewController */ = {
			isa = PBXGroup;
			children = (
				F804A086234C68780036EC21 /* USettingViewController.swift */,
				F804A088234C68880036EC21 /* UMineViewController.swift */,
			);
			path = ViewController;
			sourceTree = "<group>";
		};
		F804A069234C3F310036EC21 /* View */ = {
			isa = PBXGroup;
			children = (
				F804A08A234C689D0036EC21 /* UMineHead.swift */,
			);
			path = View;
			sourceTree = "<group>";
		};
		F804A06A234C3F3A0036EC21 /* View */ = {
			isa = PBXGroup;
			children = (
				F804A08E234C68D80036EC21 /* USearchTHead.swift */,
				F804A090234C68E70036EC21 /* USearchTFoot.swift */,
			);
			path = View;
			sourceTree = "<group>";
		};
		F804A06B234C3F3A0036EC21 /* ViewController */ = {
			isa = PBXGroup;
			children = (
				F804A08C234C68BF0036EC21 /* USearchViewController.swift */,
			);
			path = ViewController;
			sourceTree = "<group>";
		};
		F804A0DC234C6DEA0036EC21 /* Component */ = {
			isa = PBXGroup;
			children = (
				F804A0DD234C6DEA0036EC21 /* CollectionViewLayout */,
				F804A0E0234C6DEA0036EC21 /* Refresh */,
				F804A0E2234C6DEA0036EC21 /* EmptyDataSet */,
				F804A0E4234C6DEA0036EC21 /* HairPowder */,
				F804A0E6234C6DEA0036EC21 /* ParallaxHeader */,
				F804A0EA234C6DEA0036EC21 /* NoticeBar */,
			);
			path = Component;
			sourceTree = "<group>";
		};
		F804A0DD234C6DEA0036EC21 /* CollectionViewLayout */ = {
			isa = PBXGroup;
			children = (
				F804A0DE234C6DEA0036EC21 /* UCollectionViewAlignedLayout.swift */,
				F804A0DF234C6DEA0036EC21 /* UCollectionViewSectionBackgroundLayout.swift */,
			);
			path = CollectionViewLayout;
			sourceTree = "<group>";
		};
		F804A0E0234C6DEA0036EC21 /* Refresh */ = {
			isa = PBXGroup;
			children = (
				F804A0E1234C6DEA0036EC21 /* URefresh.swift */,
			);
			path = Refresh;
			sourceTree = "<group>";
		};
		F804A0E2234C6DEA0036EC21 /* EmptyDataSet */ = {
			isa = PBXGroup;
			children = (
				F804A0E3234C6DEA0036EC21 /* UEmptyDataSet.swift */,
			);
			path = EmptyDataSet;
			sourceTree = "<group>";
		};
		F804A0E4234C6DEA0036EC21 /* HairPowder */ = {
			isa = PBXGroup;
			children = (
				F804A0E5234C6DEA0036EC21 /* UHairPowder.swift */,
			);
			path = HairPowder;
			sourceTree = "<group>";
		};
		F804A0E6234C6DEA0036EC21 /* ParallaxHeader */ = {
			isa = PBXGroup;
			children = (
				F804A0E7234C6DEA0036EC21 /* ParallaxHeaderMode.swift */,
				F804A0E8234C6DEA0036EC21 /* UIScrollView+ParallaxHeader.swift */,
				F804A0E9234C6DEA0036EC21 /* ParallaxHeader.swift */,
			);
			path = ParallaxHeader;
			sourceTree = "<group>";
		};
		F804A0EA234C6DEA0036EC21 /* NoticeBar */ = {
			isa = PBXGroup;
			children = (
				F804A0EB234C6DEA0036EC21 /* UNoticeBar.swift */,
			);
			path = NoticeBar;
			sourceTree = "<group>";
		};
		F804A0EC234C6DEA0036EC21 /* Extension */ = {
			isa = PBXGroup;
			children = (
				F804A0ED234C6DEA0036EC21 /* ArrayExtensions.swift */,
				F804A0EE234C6DEA0036EC21 /* UIColorExtension.swift */,
				F804A0EF234C6DEA0036EC21 /* UIViewExtension.swift */,
				F804A0F0234C6DEA0036EC21 /* UIBarButtonItemExtension.swift */,
				F804A0F1234C6DEA0036EC21 /* UIDeviceExtension.swift */,
				F804A0F2234C6DEA0036EC21 /* UIImageExtensions.swift */,
				F804A0F3234C6DEA0036EC21 /* DispatchQueueExtension.swift */,
				F804A0F4234C6DEA0036EC21 /* StringExtension.swift */,
				F804A0F5234C6DEA0036EC21 /* DictionaryExtension.swift */,
			);
			path = Extension;
			sourceTree = "<group>";
		};
		F8DA53D0231572DA0098D781 = {
			isa = PBXGroup;
			children = (
				F8DA53DB231572DA0098D781 /* U18 */,
				F8DA53DA231572DA0098D781 /* Products */,
				9E5905D881AEF3D1DC2BC668 /* Pods */,
				DD9461B9641BD74CB29C26C1 /* Frameworks */,
			);
			sourceTree = "<group>";
		};
		F8DA53DA231572DA0098D781 /* Products */ = {
			isa = PBXGroup;
			children = (
				F8DA53D9231572DA0098D781 /* U18.app */,
			);
			name = Products;
			sourceTree = "<group>";
		};
		F8DA53DB231572DA0098D781 /* U18 */ = {
			isa = PBXGroup;
			children = (
				F804A0DC234C6DEA0036EC21 /* Component */,
				F804A0EC234C6DEA0036EC21 /* Extension */,
				EF3219062316CA3D00BE4C5D /* Model */,
				EF3218F62316CA3D00BE4C5D /* Procedure */,
				EF3218F52316CA3100BE4C5D /* API */,
				F8DA53DE231572DA0098D781 /* ViewController.swift */,
				F8DA53E0231572DA0098D781 /* Main.storyboard */,
				F8DA53E3231572DB0098D781 /* Assets.xcassets */,
				F8DA53E5231572DB0098D781 /* LaunchScreen.storyboard */,
				F8DA53E8231572DB0098D781 /* Info.plist */,
			);
			path = U18;
			sourceTree = "<group>";
		};
/* End PBXGroup section */

/* Begin PBXNativeTarget section */
		F8DA53D8231572DA0098D781 /* U18 */ = {
			isa = PBXNativeTarget;
			buildConfigurationList = F8DA53EB231572DB0098D781 /* Build configuration list for PBXNativeTarget "U18" */;
			buildPhases = (
				AFEE4ACBAD110AD0F8752812 /* [CP] Check Pods Manifest.lock */,
				F8DA53D5231572DA0098D781 /* Sources */,
				F8DA53D6231572DA0098D781 /* Frameworks */,
				F8DA53D7231572DA0098D781 /* Resources */,
				A8384D2B8A9ED6D4C005EEFD /* [CP] Embed Pods Frameworks */,
			);
			buildRules = (
			);
			dependencies = (
			);
			name = U18;
			productName = U18;
			productReference = F8DA53D9231572DA0098D781 /* U18.app */;
			productType = "com.apple.product-type.application";
		};
/* End PBXNativeTarget section */

/* Begin PBXProject section */
		F8DA53D1231572DA0098D781 /* Project object */ = {
			isa = PBXProject;
			attributes = {
				LastSwiftUpdateCheck = 1030;
				LastUpgradeCheck = 1030;
				ORGANIZATIONNAME = "叶子";
				TargetAttributes = {
					F8DA53D8231572DA0098D781 = {
						CreatedOnToolsVersion = 10.3;
					};
				};
			};
			buildConfigurationList = F8DA53D4231572DA0098D781 /* Build configuration list for PBXProject "U18" */;
			compatibilityVersion = "Xcode 9.3";
			developmentRegion = en;
			hasScannedForEncodings = 0;
			knownRegions = (
				en,
				Base,
			);
			mainGroup = F8DA53D0231572DA0098D781;
			productRefGroup = F8DA53DA231572DA0098D781 /* Products */;
			projectDirPath = "";
			projectRoot = "";
			targets = (
				F8DA53D8231572DA0098D781 /* U18 */,
			);
		};
/* End PBXProject section */

/* Begin PBXResourcesBuildPhase section */
		F8DA53D7231572DA0098D781 /* Resources */ = {
			isa = PBXResourcesBuildPhase;
			buildActionMask = 2147483647;
			files = (
				F8DA53E7231572DB0098D781 /* LaunchScreen.storyboard in Resources */,
				F8DA53E4231572DB0098D781 /* Assets.xcassets in Resources */,
				F8DA53E2231572DA0098D781 /* Main.storyboard in Resources */,
			);
			runOnlyForDeploymentPostprocessing = 0;
		};
/* End PBXResourcesBuildPhase section */

/* Begin PBXShellScriptBuildPhase section */
		A8384D2B8A9ED6D4C005EEFD /* [CP] Embed Pods Frameworks */ = {
			isa = PBXShellScriptBuildPhase;
			buildActionMask = 2147483647;
			files = (
			);
			inputFileListPaths = (
				"${PODS_ROOT}/Target Support Files/Pods-U18/Pods-U18-frameworks-${CONFIGURATION}-input-files.xcfilelist",
			);
			name = "[CP] Embed Pods Frameworks";
			outputFileListPaths = (
				"${PODS_ROOT}/Target Support Files/Pods-U18/Pods-U18-frameworks-${CONFIGURATION}-output-files.xcfilelist",
			);
			runOnlyForDeploymentPostprocessing = 0;
			shellPath = /bin/sh;
			shellScript = "\"${PODS_ROOT}/Target Support Files/Pods-U18/Pods-U18-frameworks.sh\"\n";
			showEnvVarsInLog = 0;
		};
		AFEE4ACBAD110AD0F8752812 /* [CP] Check Pods Manifest.lock */ = {
			isa = PBXShellScriptBuildPhase;
			buildActionMask = 2147483647;
			files = (
			);
			inputFileListPaths = (
			);
			inputPaths = (
				"${PODS_PODFILE_DIR_PATH}/Podfile.lock",
				"${PODS_ROOT}/Manifest.lock",
			);
			name = "[CP] Check Pods Manifest.lock";
			outputFileListPaths = (
			);
			outputPaths = (
				"$(DERIVED_FILE_DIR)/Pods-U18-checkManifestLockResult.txt",
			);
			runOnlyForDeploymentPostprocessing = 0;
			shellPath = /bin/sh;
			shellScript = "diff \"${PODS_PODFILE_DIR_PATH}/Podfile.lock\" \"${PODS_ROOT}/Manifest.lock\" > /dev/null\nif [ $? != 0 ] ; then\n    # print error to STDERR\n    echo \"error: The sandbox is not in sync with the Podfile.lock. Run 'pod install' or update your CocoaPods installation.\" >&2\n    exit 1\nfi\n# This output is used by Xcode 'outputs' to avoid re-running this script phase.\necho \"SUCCESS\" > \"${SCRIPT_OUTPUT_FILE_0}\"\n";
			showEnvVarsInLog = 0;
		};
/* End PBXShellScriptBuildPhase section */

/* Begin PBXSourcesBuildPhase section */
		F8DA53D5231572DA0098D781 /* Sources */ = {
			isa = PBXSourcesBuildPhase;
			buildActionMask = 2147483647;
			files = (
				F804A06F234C67410036EC21 /* UVIPListViewController.swift in Sources */,
				F804A09D234C69AA0036EC21 /* UReadViewController.swift in Sources */,
				F804A073234C67720036EC21 /* UHomeViewController.swift in Sources */,
				F804A0FC234C6DEB0036EC21 /* UIScrollView+ParallaxHeader.swift in Sources */,
				F804A0FF234C6DEB0036EC21 /* ArrayExtensions.swift in Sources */,
				F804A107234C6DEB0036EC21 /* DictionaryExtension.swift in Sources */,
				F804A0F6234C6DEA0036EC21 /* UCollectionViewAlignedLayout.swift in Sources */,
				F804A079234C67C00036EC21 /* URankListViewController.swift in Sources */,
				F804A0A9234C6A2C0036EC21 /* UReadCCell.swift in Sources */,
				F804A0BF234C6B3F0036EC21 /* UTopCCell.swift in Sources */,
				F804A081234C68180036EC21 /* UUpdateCCell.swift in Sources */,
				F804A05D233E07C00036EC21 /* UNavigationController.swift in Sources */,
				F804A053233E03EF0036EC21 /* UBaseTableViewCell.swift in Sources */,
				F804A08B234C689D0036EC21 /* UMineHead.swift in Sources */,
				F804A077234C67AC0036EC21 /* UBoutiqueListViewController.swift in Sources */,
				F804A055233E04C30036EC21 /* UBaseCollectionReusableView.swift in Sources */,
				F804A09F234C69D20036EC21 /* UCommentViewController.swift in Sources */,
				F804A106234C6DEB0036EC21 /* StringExtension.swift in Sources */,
				F804A0FE234C6DEB0036EC21 /* UNoticeBar.swift in Sources */,
				F804A0A5234C6A050036EC21 /* UComicHead.swift in Sources */,
				F804A0C7234C6B970036EC21 /* UDownloadListViewController.swift in Sources */,
				F804A0C5234C6B820036EC21 /* UDocumentListViewController.swift in Sources */,
				F804A102234C6DEB0036EC21 /* UIBarButtonItemExtension.swift in Sources */,
				F804A0B5234C6ACC0036EC21 /* UComicTCell.swift in Sources */,
				F804A089234C68880036EC21 /* UMineViewController.swift in Sources */,
				F804A08F234C68D80036EC21 /* USearchTHead.swift in Sources */,
				F8DA53DF231572DA0098D781 /* ViewController.swift in Sources */,
				F804A0F8234C6DEB0036EC21 /* URefresh.swift in Sources */,
				F804A06D234C67260036EC21 /* USubscribeListViewController.swift in Sources */,
				F804A0AB234C6A4B0036EC21 /* UChapterCCell.swift in Sources */,
				F804A04F233E02870036EC21 /* UBaseTableViewHeaderFooterView.swift in Sources */,
				F804A05F233E07D60036EC21 /* UWebViewController.swift in Sources */,
				F804A059233E079E0036EC21 /* UBaseViewController.swift in Sources */,
				F804A09B234C69980036EC21 /* UComicListViewController.swift in Sources */,
				F804A0A1234C69E90036EC21 /* UOtherWorksCell.swift in Sources */,
				F804A0B9234C6AF50036EC21 /* UGuessLikeTCell.swift in Sources */,
				F804A0F7234C6DEB0036EC21 /* UCollectionViewSectionBackgroundLayout.swift in Sources */,
				F804A087234C68780036EC21 /* USettingViewController.swift in Sources */,
				F8DA53DD231572DA0098D781 /* AppDelegate.swift in Sources */,
				F804A097234C696F0036EC21 /* UOtherWorksViewController.swift in Sources */,
				F804A0FD234C6DEB0036EC21 /* ParallaxHeader.swift in Sources */,
				F804A0B1234C6A8F0036EC21 /* UOtherWorksTCell.swift in Sources */,
				F804A07B234C67E20036EC21 /* UComicCHead.swift in Sources */,
				F804A057233E078D0036EC21 /* UPageViewController.swift in Sources */,
				F804A099234C697F0036EC21 /* UChapterViewController.swift in Sources */,
				F804A093234C69440036EC21 /* UComicViewController.swift in Sources */,
				F804A103234C6DEB0036EC21 /* UIDeviceExtension.swift in Sources */,
				F804A0BB234C6B150036EC21 /* UCateListViewController.swift in Sources */,
				F804A0AD234C6A630036EC21 /* UCommentTCell.swift in Sources */,
				F804A051233E037E0036EC21 /* UBaseCollectionViewCell.swift in Sources */,
				F804A071234C67600036EC21 /* UUpdateListViewController.swift in Sources */,
				F804A0A7234C6A170036EC21 /* UTicketTCell.swift in Sources */,
				F804A07F234C68070036EC21 /* UComicCFoot.swift in Sources */,
				F804A0AF234C6A760036EC21 /* UReadTopBar.swift in Sources */,
				F804A0FB234C6DEB0036EC21 /* ParallaxHeaderMode.swift in Sources */,
				F804A075234C678B0036EC21 /* USpecialViewController.swift in Sources */,
				F804A095234C69590036EC21 /* UDetailViewController.swift in Sources */,
				F804A083234C68310036EC21 /* UBoardCCell.swift in Sources */,
				EF32190C2316CF6F00BE4C5D /* Global.swift in Sources */,
				F804A07D234C67F30036EC21 /* URankTCell.swift in Sources */,
				F804A091234C68E70036EC21 /* USearchTFoot.swift in Sources */,
				F804A100234C6DEB0036EC21 /* UIColorExtension.swift in Sources */,
				F804A0C9234C6BC70036EC21 /* UModel.swift in Sources */,
				F804A104234C6DEB0036EC21 /* UIImageExtensions.swift in Sources */,
				F804A105234C6DEB0036EC21 /* DispatchQueueExtension.swift in Sources */,
				F804A08D234C68BF0036EC21 /* USearchViewController.swift in Sources */,
				F804A0FA234C6DEB0036EC21 /* UHairPowder.swift in Sources */,
				F804A05B233E07AC0036EC21 /* UTabBarController.swift in Sources */,
				F804A085234C68490036EC21 /* USpecialTCell.swift in Sources */,
				F804A0BD234C6B280036EC21 /* URankCCell.swift in Sources */,
				F804A0C3234C6B710036EC21 /* UBookViewController.swift in Sources */,
				F804A0F9234C6DEB0036EC21 /* UEmptyDataSet.swift in Sources */,
				F804A0C1234C6B5E0036EC21 /* UCollectionListViewController.swift in Sources */,
				F804A0A3234C69F80036EC21 /* UChapterCHead.swift in Sources */,
				F804A101234C6DEB0036EC21 /* UIViewExtension.swift in Sources */,
				F804A0B7234C6AE20036EC21 /* UReadBottomBar.swift in Sources */,
				F804A0B3234C6AB20036EC21 /* UDescriptionTCell.swift in Sources */,
			);
			runOnlyForDeploymentPostprocessing = 0;
		};
/* End PBXSourcesBuildPhase section */

/* Begin PBXVariantGroup section */
		F8DA53E0231572DA0098D781 /* Main.storyboard */ = {
			isa = PBXVariantGroup;
			children = (
				F8DA53E1231572DA0098D781 /* Base */,
			);
			name = Main.storyboard;
			sourceTree = "<group>";
		};
		F8DA53E5231572DB0098D781 /* LaunchScreen.storyboard */ = {
			isa = PBXVariantGroup;
			children = (
				F8DA53E6231572DB0098D781 /* Base */,
			);
			name = LaunchScreen.storyboard;
			sourceTree = "<group>";
		};
/* End PBXVariantGroup section */

/* Begin XCBuildConfiguration section */
		F8DA53E9231572DB0098D781 /* Debug */ = {
			isa = XCBuildConfiguration;
			buildSettings = {
				ALWAYS_SEARCH_USER_PATHS = NO;
				CLANG_ANALYZER_NONNULL = YES;
				CLANG_ANALYZER_NUMBER_OBJECT_CONVERSION = YES_AGGRESSIVE;
				CLANG_CXX_LANGUAGE_STANDARD = "gnu++14";
				CLANG_CXX_LIBRARY = "libc++";
				CLANG_ENABLE_MODULES = YES;
				CLANG_ENABLE_OBJC_ARC = YES;
				CLANG_ENABLE_OBJC_WEAK = YES;
				CLANG_WARN_BLOCK_CAPTURE_AUTORELEASING = YES;
				CLANG_WARN_BOOL_CONVERSION = YES;
				CLANG_WARN_COMMA = YES;
				CLANG_WARN_CONSTANT_CONVERSION = YES;
				CLANG_WARN_DEPRECATED_OBJC_IMPLEMENTATIONS = YES;
				CLANG_WARN_DIRECT_OBJC_ISA_USAGE = YES_ERROR;
				CLANG_WARN_DOCUMENTATION_COMMENTS = YES;
				CLANG_WARN_EMPTY_BODY = YES;
				CLANG_WARN_ENUM_CONVERSION = YES;
				CLANG_WARN_INFINITE_RECURSION = YES;
				CLANG_WARN_INT_CONVERSION = YES;
				CLANG_WARN_NON_LITERAL_NULL_CONVERSION = YES;
				CLANG_WARN_OBJC_IMPLICIT_RETAIN_SELF = YES;
				CLANG_WARN_OBJC_LITERAL_CONVERSION = YES;
				CLANG_WARN_OBJC_ROOT_CLASS = YES_ERROR;
				CLANG_WARN_RANGE_LOOP_ANALYSIS = YES;
				CLANG_WARN_STRICT_PROTOTYPES = YES;
				CLANG_WARN_SUSPICIOUS_MOVE = YES;
				CLANG_WARN_UNGUARDED_AVAILABILITY = YES_AGGRESSIVE;
				CLANG_WARN_UNREACHABLE_CODE = YES;
				CLANG_WARN__DUPLICATE_METHOD_MATCH = YES;
				CODE_SIGN_IDENTITY = "iPhone Developer";
				COPY_PHASE_STRIP = NO;
				DEBUG_INFORMATION_FORMAT = dwarf;
				ENABLE_STRICT_OBJC_MSGSEND = YES;
				ENABLE_TESTABILITY = YES;
				GCC_C_LANGUAGE_STANDARD = gnu11;
				GCC_DYNAMIC_NO_PIC = NO;
				GCC_NO_COMMON_BLOCKS = YES;
				GCC_OPTIMIZATION_LEVEL = 0;
				GCC_PREPROCESSOR_DEFINITIONS = (
					"DEBUG=1",
					"$(inherited)",
				);
				GCC_WARN_64_TO_32_BIT_CONVERSION = YES;
				GCC_WARN_ABOUT_RETURN_TYPE = YES_ERROR;
				GCC_WARN_UNDECLARED_SELECTOR = YES;
				GCC_WARN_UNINITIALIZED_AUTOS = YES_AGGRESSIVE;
				GCC_WARN_UNUSED_FUNCTION = YES;
				GCC_WARN_UNUSED_VARIABLE = YES;
				IPHONEOS_DEPLOYMENT_TARGET = 12.4;
				MTL_ENABLE_DEBUG_INFO = INCLUDE_SOURCE;
				MTL_FAST_MATH = YES;
				ONLY_ACTIVE_ARCH = YES;
				SDKROOT = iphoneos;
				SWIFT_ACTIVE_COMPILATION_CONDITIONS = DEBUG;
				SWIFT_OPTIMIZATION_LEVEL = "-Onone";
			};
			name = Debug;
		};
		F8DA53EA231572DB0098D781 /* Release */ = {
			isa = XCBuildConfiguration;
			buildSettings = {
				ALWAYS_SEARCH_USER_PATHS = NO;
				CLANG_ANALYZER_NONNULL = YES;
				CLANG_ANALYZER_NUMBER_OBJECT_CONVERSION = YES_AGGRESSIVE;
				CLANG_CXX_LANGUAGE_STANDARD = "gnu++14";
				CLANG_CXX_LIBRARY = "libc++";
				CLANG_ENABLE_MODULES = YES;
				CLANG_ENABLE_OBJC_ARC = YES;
				CLANG_ENABLE_OBJC_WEAK = YES;
				CLANG_WARN_BLOCK_CAPTURE_AUTORELEASING = YES;
				CLANG_WARN_BOOL_CONVERSION = YES;
				CLANG_WARN_COMMA = YES;
				CLANG_WARN_CONSTANT_CONVERSION = YES;
				CLANG_WARN_DEPRECATED_OBJC_IMPLEMENTATIONS = YES;
				CLANG_WARN_DIRECT_OBJC_ISA_USAGE = YES_ERROR;
				CLANG_WARN_DOCUMENTATION_COMMENTS = YES;
				CLANG_WARN_EMPTY_BODY = YES;
				CLANG_WARN_ENUM_CONVERSION = YES;
				CLANG_WARN_INFINITE_RECURSION = YES;
				CLANG_WARN_INT_CONVERSION = YES;
				CLANG_WARN_NON_LITERAL_NULL_CONVERSION = YES;
				CLANG_WARN_OBJC_IMPLICIT_RETAIN_SELF = YES;
				CLANG_WARN_OBJC_LITERAL_CONVERSION = YES;
				CLANG_WARN_OBJC_ROOT_CLASS = YES_ERROR;
				CLANG_WARN_RANGE_LOOP_ANALYSIS = YES;
				CLANG_WARN_STRICT_PROTOTYPES = YES;
				CLANG_WARN_SUSPICIOUS_MOVE = YES;
				CLANG_WARN_UNGUARDED_AVAILABILITY = YES_AGGRESSIVE;
				CLANG_WARN_UNREACHABLE_CODE = YES;
				CLANG_WARN__DUPLICATE_METHOD_MATCH = YES;
				CODE_SIGN_IDENTITY = "iPhone Developer";
				COPY_PHASE_STRIP = NO;
				DEBUG_INFORMATION_FORMAT = "dwarf-with-dsym";
				ENABLE_NS_ASSERTIONS = NO;
				ENABLE_STRICT_OBJC_MSGSEND = YES;
				GCC_C_LANGUAGE_STANDARD = gnu11;
				GCC_NO_COMMON_BLOCKS = YES;
				GCC_WARN_64_TO_32_BIT_CONVERSION = YES;
				GCC_WARN_ABOUT_RETURN_TYPE = YES_ERROR;
				GCC_WARN_UNDECLARED_SELECTOR = YES;
				GCC_WARN_UNINITIALIZED_AUTOS = YES_AGGRESSIVE;
				GCC_WARN_UNUSED_FUNCTION = YES;
				GCC_WARN_UNUSED_VARIABLE = YES;
				IPHONEOS_DEPLOYMENT_TARGET = 12.4;
				MTL_ENABLE_DEBUG_INFO = NO;
				MTL_FAST_MATH = YES;
				SDKROOT = iphoneos;
				SWIFT_COMPILATION_MODE = wholemodule;
				SWIFT_OPTIMIZATION_LEVEL = "-O";
				VALIDATE_PRODUCT = YES;
			};
			name = Release;
		};
		F8DA53EC231572DB0098D781 /* Debug */ = {
			isa = XCBuildConfiguration;
			baseConfigurationReference = 6E15CB6355D378DE4BC021FD /* Pods-U18.debug.xcconfig */;
			buildSettings = {
				ASSETCATALOG_COMPILER_APPICON_NAME = AppIcon;
				CODE_SIGN_STYLE = Automatic;
				DEVELOPMENT_TEAM = WHYF9X3ND3;
				INFOPLIST_FILE = U18/Info.plist;
				LD_RUNPATH_SEARCH_PATHS = (
					"$(inherited)",
					"@executable_path/Frameworks",
				);
				PRODUCT_BUNDLE_IDENTIFIER = com.shinian.quanquan.U18;
				PRODUCT_NAME = "$(TARGET_NAME)";
				SWIFT_VERSION = 5.0;
				TARGETED_DEVICE_FAMILY = "1,2";
			};
			name = Debug;
		};
		F8DA53ED231572DB0098D781 /* Release */ = {
			isa = XCBuildConfiguration;
			baseConfigurationReference = 69C24651B2FBF8A5A33A73EE /* Pods-U18.release.xcconfig */;
			buildSettings = {
				ASSETCATALOG_COMPILER_APPICON_NAME = AppIcon;
				CODE_SIGN_STYLE = Automatic;
				DEVELOPMENT_TEAM = WHYF9X3ND3;
				INFOPLIST_FILE = U18/Info.plist;
				LD_RUNPATH_SEARCH_PATHS = (
					"$(inherited)",
					"@executable_path/Frameworks",
				);
				PRODUCT_BUNDLE_IDENTIFIER = com.shinian.quanquan.U18;
				PRODUCT_NAME = "$(TARGET_NAME)";
				SWIFT_VERSION = 5.0;
				TARGETED_DEVICE_FAMILY = "1,2";
			};
			name = Release;
		};
/* End XCBuildConfiguration section */

/* Begin XCConfigurationList section */
		F8DA53D4231572DA0098D781 /* Build configuration list for PBXProject "U18" */ = {
			isa = XCConfigurationList;
			buildConfigurations = (
				F8DA53E9231572DB0098D781 /* Debug */,
				F8DA53EA231572DB0098D781 /* Release */,
			);
			defaultConfigurationIsVisible = 0;
			defaultConfigurationName = Release;
		};
		F8DA53EB231572DB0098D781 /* Build configuration list for PBXNativeTarget "U18" */ = {
			isa = XCConfigurationList;
			buildConfigurations = (
				F8DA53EC231572DB0098D781 /* Debug */,
				F8DA53ED231572DB0098D781 /* Release */,
			);
			defaultConfigurationIsVisible = 0;
			defaultConfigurationName = Release;
		};
/* End XCConfigurationList section */
	};
	rootObject = F8DA53D1231572DA0098D781 /* Project object */;
}
